
Microsoft Visual Studio Solution File, Format Version 12.00
# Visual Studio Version 17
VisualStudioVersion = 17.6.33723.286
MinimumVisualStudioVersion = 10.0.40219.1
Project("{FAE04EC0-301F-11D3-BF4B-00C04F79EFBC}") = "Integrador_1", "Integrador_1.csproj", "{3612752F-ADAA-4331-A115-A77CEDF6330E}"
EndProject
Global
	GlobalSection(SolutionConfigurationPlatforms) = preSolution
		Debug|Any CPU = Debug|Any CPU
		Release|Any CPU = Release|Any CPU
	EndGlobalSection
	GlobalSection(ProjectConfigurationPlatforms) = postSolution
		{3612752F-ADAA-4331-A115-A77CEDF6330E}.Debug|Any CPU.ActiveCfg = Debug|Any CPU
		{3612752F-ADAA-4331-A115-A77CEDF6330E}.Debug|Any CPU.Build.0 = Debug|Any CPU
		{3612752F-ADAA-4331-A115-A77CEDF6330E}.Release|Any CPU.ActiveCfg = Release|Any CPU
		{3612752F-ADAA-4331-A115-A77CEDF6330E}.Release|Any CPU.Build.0 = Release|Any CPU
	EndGlobalSection
	GlobalSection(SolutionProperties) = preSolution
		HideSolutionNode = FALSE
	EndGlobalSection
	GlobalSection(ExtensibilityGlobals) = postSolution
		SolutionGuid = {3CF66F18-B7F5-4A42-9933-33DFDCFDD941}
	EndGlobalSection
EndGlobal
